
Microsoft Visual Studio Solution File, Format Version 12.00
# Visual Studio Version 16
VisualStudioVersion = 16.0.31702.278
MinimumVisualStudioVersion = 10.0.40219.1
Project("{FAE04EC0-301F-11D3-BF4B-00C04F79EFBC}") = "LibraryManagementForm", "LibraryManagementForm\LibraryManagementForm.csproj", "{B2D16E28-6D70-4CE9-A556-C3E3405EC47A}"
EndProject
Global
	GlobalSection(SolutionConfigurationPlatforms) = preSolution
		Debug|Any CPU = Debug|Any CPU
		Release|Any CPU = Release|Any CPU
	EndGlobalSection
	GlobalSection(ProjectConfigurationPlatforms) = postSolution
		{B2D16E28-6D70-4CE9-A556-C3E3405EC47A}.Debug|Any CPU.ActiveCfg = Debug|Any CPU
		{B2D16E28-6D70-4CE9-A556-C3E3405EC47A}.Debug|Any CPU.Build.0 = Debug|Any CPU
		{B2D16E28-6D70-4CE9-A556-C3E3405EC47A}.Release|Any CPU.ActiveCfg = Release|Any CPU
		{B2D16E28-6D70-4CE9-A556-C3E3405EC47A}.Release|Any CPU.Build.0 = Release|Any CPU
	EndGlobalSection
	GlobalSection(SolutionProperties) = preSolution
		HideSolutionNode = FALSE
	EndGlobalSection
	GlobalSection(ExtensibilityGlobals) = postSolution
		SolutionGuid = {8CE5224C-CC44-454B-ADEF-02217BC160C9}
	EndGlobalSection
EndGlobal
